version = 1
revision = 3
requires-python = ">=3.14"

[[package]]
name = "aws-lambda-powertools"
version = "3.34.0"
source = { registry = "https://pypi.org/simple" }
dependencies = [
    { name = "jmespath" },
    { name = "typing-extensions" },
]
sdist = { url = "https://files.pythonhosted.org/packages/6b/d2/ead05769a42baf2c01e9e8909b5b7a0a42b0798ab2d0eccacdef3d1f009d/aws_lambda_powertools-3.34.0.tar.gz", hash = "sha256:75f2c65a5997630666c9c3c495002c1f9d1e9defd3cb6d5d9fc7272b7dc9ef54", size = 800151, upload-time = "2026-08-10T11:26:10.742Z" }
wheels = [
    { url = "https://files.pythonhosted.org/packages/b3/d1/9e9433f99d8c9084d3bc831900f1ce7a99b0a2c153d9223e46839d8cc665/aws_lambda_powertools-3.34.0-py3-none-any.whl", hash = "sha256:ab1354c58085ccecf92e9c548b1336ad5bae72c7ae23e61d2aa0ff15520d679c", size = 957321, upload-time = "2026-08-10T11:26:09.002Z" },
]

[[package]]
name = "general-mgr"
version = "0.1.0"
source = { editable = "." }
dependencies = [
    { name = "aws-lambda-powertools" },
]

[package.metadata]
requires-dist = [{ name = "aws-lambda-powertools", specifier = ">=3.34.0" }]

[[package]]
name = "jmespath"
version = "1.1.0"
source = { registry = "https://pypi.org/simple" }
sdist = { url = "https://files.pythonhosted.org/packages/d3/59/322338183ecda247fb5d1763a6cbe46eff7222eaeebafd9fa65d4bf5cb11/jmespath-1.1.0.tar.gz", hash = "sha256:472c87d80f36026ae83c6ddd0f1d05d4e510134ed462851fd5f754c8c3cbb88d", size = 27377, upload-time = "2026-01-22T16:35:26.279Z" }
wheels = [
    { url = "https://files.pythonhosted.org/packages/14/2f/967ba146e6d58cf6a652da73885f52fc68001525b4197effc174321d70b4/jmespath-1.1.0-py3-none-any.whl", hash = "sha256:a5663118de4908c91729bea0acadca56526eb2698e83de10cd116ae0f4e97c64", size = 20419, upload-time = "2026-01-22T16:35:24.919Z" },
]

[[package]]
name = "typing-extensions"
version = "4.16.0"
source = { registry = "https://pypi.org/simple" }
sdist = { url = "https://files.pythonhosted.org/packages/f6/cc/6253133b5bb138fc3306cebfbda2c520f545d36b5be2c7255cc528bb45d6/typing_extensions-4.16.0.tar.gz", hash = "sha256:dc983d19a509c94dba722ee6abd33940f7c05a89e243c47e907eb4db6f1a43e5", size = 113555, upload-time = "2026-07-02T08:40:05.92Z" }
wheels = [
    { url = "https://files.pythonhosted.org/packages/49/d3/b8441a820a491ddfc024b0b0cf0393375b75ea13866d9c66727e54c2fc80/typing_extensions-4.16.0-py3-none-any.whl", hash = "sha256:481caa481374e813c1b176ada14e97f1f67a4539ce9cfeb3f350d78d6370c2e8", size = 45571, upload-time = "2026-07-02T08:40:04.659Z" },
]
